
Microsoft Visual Studio Solution File, Format Version 12.00
# Visual Studio Version 17
VisualStudioVersion = 17.9.34723.18
MinimumVisualStudioVersion = 10.0.40219.1
Project("{9A19103F-16F7-4668-BE54-9A1E7A4F7556}") = "DotNET.Concurrency.AsyncSample", "DotNET.Concurrency.AsyncSample\DotNET.Concurrency.AsyncSample.csproj", "{6B0F648B-6D45-4586-865C-E151F11D166D}"
EndProject
Project("{9A19103F-16F7-4668-BE54-9A1E7A4F7556}") = "DotNET.Concurrency.AsynchronousStreamsSample", "DotNET.Concurrency.AsynchronousStreamsSample\DotNET.Concurrency.AsynchronousStreamsSample.csproj", "{11307FA5-39A9-4A55-BB49-4ED13A417879}"
EndProject
Project("{FAE04EC0-301F-11D3-BF4B-00C04F79EFBC}") = "DotNET.Concurrency.ParallelSample", "DotNET.Concurrency.ParallelSample\DotNET.Concurrency.ParallelSample.csproj", "{60762716-721F-470A-9E7E-D861C715EAC0}"
EndProject
Global
	GlobalSection(SolutionConfigurationPlatforms) = preSolution
		Debug|Any CPU = Debug|Any CPU
		Release|Any CPU = Release|Any CPU
	EndGlobalSection
	GlobalSection(ProjectConfigurationPlatforms) = postSolution
		{6B0F648B-6D45-4586-865C-E151F11D166D}.Debug|Any CPU.ActiveCfg = Debug|Any CPU
		{6B0F648B-6D45-4586-865C-E151F11D166D}.Debug|Any CPU.Build.0 = Debug|Any CPU
		{6B0F648B-6D45-4586-865C-E151F11D166D}.Release|Any CPU.ActiveCfg = Release|Any CPU
		{6B0F648B-6D45-4586-865C-E151F11D166D}.Release|Any CPU.Build.0 = Release|Any CPU
		{11307FA5-39A9-4A55-BB49-4ED13A417879}.Debug|Any CPU.ActiveCfg = Debug|Any CPU
		{11307FA5-39A9-4A55-BB49-4ED13A417879}.Debug|Any CPU.Build.0 = Debug|Any CPU
		{11307FA5-39A9-4A55-BB49-4ED13A417879}.Release|Any CPU.ActiveCfg = Release|Any CPU
		{11307FA5-39A9-4A55-BB49-4ED13A417879}.Release|Any CPU.Build.0 = Release|Any CPU
		{60762716-721F-470A-9E7E-D861C715EAC0}.Debug|Any CPU.ActiveCfg = Debug|Any CPU
		{60762716-721F-470A-9E7E-D861C715EAC0}.Debug|Any CPU.Build.0 = Debug|Any CPU
		{60762716-721F-470A-9E7E-D861C715EAC0}.Release|Any CPU.ActiveCfg = Release|Any CPU
		{60762716-721F-470A-9E7E-D861C715EAC0}.Release|Any CPU.Build.0 = Release|Any CPU
	EndGlobalSection
	GlobalSection(SolutionProperties) = preSolution
		HideSolutionNode = FALSE
	EndGlobalSection
	GlobalSection(ExtensibilityGlobals) = postSolution
		SolutionGuid = {EC4D19A9-CA04-4511-9AD3-E0953E964DF5}
	EndGlobalSection
EndGlobal
